
Microsoft Visual Studio Solution File, Format Version 12.00
# Visual Studio Version 17
VisualStudioVersion = 17.2.32519.379
MinimumVisualStudioVersion = 10.0.40219.1
Project("{9A19103F-16F7-4668-BE54-9A1E7A4F7556}") = "WeltevreeCore6", "WeltevreeCore6\WeltevreeCore6.csproj", "{DB05E481-54D7-42F8-BCBF-D1655D42019B}"
EndProject
Project("{FAE04EC0-301F-11D3-BF4B-00C04F79EFBC}") = "WeltevreeCore6Tests", "WeltevreeCore6Tests\WeltevreeCore6Tests.csproj", "{5DD29D06-CA6C-468D-9262-8E988A838578}"
EndProject
Global
	GlobalSection(SolutionConfigurationPlatforms) = preSolution
		Debug|Any CPU = Debug|Any CPU
		Release|Any CPU = Release|Any CPU
	EndGlobalSection
	GlobalSection(ProjectConfigurationPlatforms) = postSolution
		{DB05E481-54D7-42F8-BCBF-D1655D42019B}.Debug|Any CPU.ActiveCfg = Debug|Any CPU
		{DB05E481-54D7-42F8-BCBF-D1655D42019B}.Debug|Any CPU.Build.0 = Debug|Any CPU
		{DB05E481-54D7-42F8-BCBF-D1655D42019B}.Release|Any CPU.ActiveCfg = Release|Any CPU
		{DB05E481-54D7-42F8-BCBF-D1655D42019B}.Release|Any CPU.Build.0 = Release|Any CPU
		{5DD29D06-CA6C-468D-9262-8E988A838578}.Debug|Any CPU.ActiveCfg = Debug|Any CPU
		{5DD29D06-CA6C-468D-9262-8E988A838578}.Debug|Any CPU.Build.0 = Debug|Any CPU
		{5DD29D06-CA6C-468D-9262-8E988A838578}.Release|Any CPU.ActiveCfg = Release|Any CPU
		{5DD29D06-CA6C-468D-9262-8E988A838578}.Release|Any CPU.Build.0 = Release|Any CPU
	EndGlobalSection
	GlobalSection(SolutionProperties) = preSolution
		HideSolutionNode = FALSE
	EndGlobalSection
	GlobalSection(ExtensibilityGlobals) = postSolution
		SolutionGuid = {1F1EC067-D508-4151-A928-E1DCE7D965EB}
	EndGlobalSection
EndGlobal
