
Microsoft Visual Studio Solution File, Format Version 12.00
# Visual Studio Version 17
VisualStudioVersion = 17.0.32126.317
MinimumVisualStudioVersion = 10.0.40219.1
Project("{FAE04EC0-301F-11D3-BF4B-00C04F79EFBC}") = "Lj2Dd1En2", "Lj2Dd1En2\Lj2Dd1En2.csproj", "{485870D1-F314-4CEE-A3D0-26601160C76E}"
EndProject
Global
	GlobalSection(SolutionConfigurationPlatforms) = preSolution
		Debug|Any CPU = Debug|Any CPU
		Release|Any CPU = Release|Any CPU
	EndGlobalSection
	GlobalSection(ProjectConfigurationPlatforms) = postSolution
		{485870D1-F314-4CEE-A3D0-26601160C76E}.Debug|Any CPU.ActiveCfg = Debug|Any CPU
		{485870D1-F314-4CEE-A3D0-26601160C76E}.Debug|Any CPU.Build.0 = Debug|Any CPU
		{485870D1-F314-4CEE-A3D0-26601160C76E}.Release|Any CPU.ActiveCfg = Release|Any CPU
		{485870D1-F314-4CEE-A3D0-26601160C76E}.Release|Any CPU.Build.0 = Release|Any CPU
	EndGlobalSection
	GlobalSection(SolutionProperties) = preSolution
		HideSolutionNode = FALSE
	EndGlobalSection
	GlobalSection(ExtensibilityGlobals) = postSolution
		SolutionGuid = {0629DD6E-79FC-4E55-B1B7-591552C13FF2}
	EndGlobalSection
EndGlobal
