
Microsoft Visual Studio Solution File, Format Version 12.00
# Visual Studio Version 17
VisualStudioVersion = 17.3.32901.215
MinimumVisualStudioVersion = 10.0.40219.1
Project("{FAE04EC0-301F-11D3-BF4B-00C04F79EFBC}") = "EindOpdr_DD1_TutaiTran", "EindOpdr_DD1_TutaiTran\EindOpdr_DD1_TutaiTran.csproj", "{19887E74-FCDA-4423-8337-DEBCB92F2124}"
EndProject
Global
	GlobalSection(SolutionConfigurationPlatforms) = preSolution
		Debug|Any CPU = Debug|Any CPU
		Release|Any CPU = Release|Any CPU
	EndGlobalSection
	GlobalSection(ProjectConfigurationPlatforms) = postSolution
		{19887E74-FCDA-4423-8337-DEBCB92F2124}.Debug|Any CPU.ActiveCfg = Debug|Any CPU
		{19887E74-FCDA-4423-8337-DEBCB92F2124}.Debug|Any CPU.Build.0 = Debug|Any CPU
		{19887E74-FCDA-4423-8337-DEBCB92F2124}.Release|Any CPU.ActiveCfg = Release|Any CPU
		{19887E74-FCDA-4423-8337-DEBCB92F2124}.Release|Any CPU.Build.0 = Release|Any CPU
	EndGlobalSection
	GlobalSection(SolutionProperties) = preSolution
		HideSolutionNode = FALSE
	EndGlobalSection
	GlobalSection(ExtensibilityGlobals) = postSolution
		SolutionGuid = {67CCA1E7-68E8-4D28-8AB8-4C3C1C42DC29}
	EndGlobalSection
EndGlobal
