
Microsoft Visual Studio Solution File, Format Version 12.00
# Visual Studio Version 17
VisualStudioVersion = 17.3.32825.248
MinimumVisualStudioVersion = 10.0.40219.1
Project("{FAE04EC0-301F-11D3-BF4B-00C04F79EFBC}") = "InterfaceShapeApp", "InterfaceShapeApp\InterfaceShapeApp.csproj", "{2C523699-501F-42EC-BC8F-5CE04056F64B}"
EndProject
Global
	GlobalSection(SolutionConfigurationPlatforms) = preSolution
		Debug|Any CPU = Debug|Any CPU
		Release|Any CPU = Release|Any CPU
	EndGlobalSection
	GlobalSection(ProjectConfigurationPlatforms) = postSolution
		{2C523699-501F-42EC-BC8F-5CE04056F64B}.Debug|Any CPU.ActiveCfg = Debug|Any CPU
		{2C523699-501F-42EC-BC8F-5CE04056F64B}.Debug|Any CPU.Build.0 = Debug|Any CPU
		{2C523699-501F-42EC-BC8F-5CE04056F64B}.Release|Any CPU.ActiveCfg = Release|Any CPU
		{2C523699-501F-42EC-BC8F-5CE04056F64B}.Release|Any CPU.Build.0 = Release|Any CPU
	EndGlobalSection
	GlobalSection(SolutionProperties) = preSolution
		HideSolutionNode = FALSE
	EndGlobalSection
	GlobalSection(ExtensibilityGlobals) = postSolution
		SolutionGuid = {BB9F5D9B-EC27-409B-922E-A76A339C9311}
	EndGlobalSection
EndGlobal
