
Microsoft Visual Studio Solution File, Format Version 12.00
# Visual Studio Version 17
VisualStudioVersion = 17.3.32901.215
MinimumVisualStudioVersion = 10.0.40219.1
Project("{FAE04EC0-301F-11D3-BF4B-00C04F79EFBC}") = "Opdracht1-Sdlc_W2", "Opdracht1-Sdlc_W2\Opdracht1-Sdlc_W2.csproj", "{DC43F10E-64F9-4B0D-B822-7DE8944D0610}"
EndProject
Global
	GlobalSection(SolutionConfigurationPlatforms) = preSolution
		Debug|Any CPU = Debug|Any CPU
		Release|Any CPU = Release|Any CPU
	EndGlobalSection
	GlobalSection(ProjectConfigurationPlatforms) = postSolution
		{DC43F10E-64F9-4B0D-B822-7DE8944D0610}.Debug|Any CPU.ActiveCfg = Debug|Any CPU
		{DC43F10E-64F9-4B0D-B822-7DE8944D0610}.Debug|Any CPU.Build.0 = Debug|Any CPU
		{DC43F10E-64F9-4B0D-B822-7DE8944D0610}.Release|Any CPU.ActiveCfg = Release|Any CPU
		{DC43F10E-64F9-4B0D-B822-7DE8944D0610}.Release|Any CPU.Build.0 = Release|Any CPU
	EndGlobalSection
	GlobalSection(SolutionProperties) = preSolution
		HideSolutionNode = FALSE
	EndGlobalSection
	GlobalSection(ExtensibilityGlobals) = postSolution
		SolutionGuid = {062DEE7B-5B2E-4497-9114-0219560155CA}
	EndGlobalSection
EndGlobal
